name: Generate package-lock.json

on:
  workflow_dispatch:

permissions:
  contents: write

jobs:
  generate-lock:
    runs-on: ubuntu-latest
    steps:
      - name: Checkout code
        uses: actions/checkout@v4

      - name: Setup Node
        uses: actions/setup-node@v4
        with:
          node-version: 20

      - name: Generate lock file only
        run: npm install --package-lock-only

      - name: Commit and push lock file
        run: |
          git config user.name "github-actions[bot]"
          git config user.email "github-actions[bot]@users.noreply.github.com"
          git add package-lock.json
          git commit -m "chore: add package-lock.json" || echo "Không có gì thay đổi để commit"
          git push
